
Microsoft Visual Studio Solution File, Format Version 12.00
# Visual Studio Version 17
VisualStudioVersion = 17.0.31903.59
MinimumVisualStudioVersion = 10.0.40219.1
Project("{9A19103F-16F7-4668-BE54-9A1E7A4F7556}") = "TodoList.API", "TodoList.API\TodoList.API.csproj", "{CF44A926-ECA0-423D-809C-1B2BD4CD0D02}"
EndProject
Global
	GlobalSection(SolutionConfigurationPlatforms) = preSolution
		Debug|Any CPU = Debug|Any CPU
		Release|Any CPU = Release|Any CPU
	EndGlobalSection
	GlobalSection(ProjectConfigurationPlatforms) = postSolution
		{CF44A926-ECA0-423D-809C-1B2BD4CD0D02}.Debug|Any CPU.ActiveCfg = Debug|Any CPU
		{CF44A926-ECA0-423D-809C-1B2BD4CD0D02}.Debug|Any CPU.Build.0 = Debug|Any CPU
		{CF44A926-ECA0-423D-809C-1B2BD4CD0D02}.Release|Any CPU.ActiveCfg = Release|Any CPU
		{CF44A926-ECA0-423D-809C-1B2BD4CD0D02}.Release|Any CPU.Build.0 = Release|Any CPU
	EndGlobalSection
	GlobalSection(SolutionProperties) = preSolution
		HideSolutionNode = FALSE
	EndGlobalSection
	GlobalSection(ExtensibilityGlobals) = postSolution
		SolutionGuid = {BD58FFE6-A2F8-4793-9691-97663AE810C4}
	EndGlobalSection
EndGlobal
