
Microsoft Visual Studio Solution File, Format Version 12.00
# Visual Studio Version 17
VisualStudioVersion = 17.0.31903.59
MinimumVisualStudioVersion = 10.0.40219.1
Project("{FAE04EC0-301F-11D3-BF4B-00C04F79EFBC}") = "TodoList.API", "TodoList.API\TodoList.API.csproj", "{CF44A926-ECA0-423D-809C-1B2BD4CD0D02}"
EndProject
Project("{FAE04EC0-301F-11D3-BF4B-00C04F79EFBC}") = "TodoList.Model", "TodoList.Model\TodoList.Model.csproj", "{03FE9B4E-8FD6-4974-BB18-74EC79FD8E82}"
EndProject
Project("{FAE04EC0-301F-11D3-BF4B-00C04F79EFBC}") = "TodoList.Infra", "TodoList.Infra\TodoList.Infra.csproj", "{FC378147-A7B2-43AC-A3F3-17C2DFFF3D18}"
EndProject
Global
	GlobalSection(SolutionConfigurationPlatforms) = preSolution
		Debug|Any CPU = Debug|Any CPU
		Release|Any CPU = Release|Any CPU
	EndGlobalSection
	GlobalSection(SolutionProperties) = preSolution
		HideSolutionNode = FALSE
	EndGlobalSection
	GlobalSection(ProjectConfigurationPlatforms) = postSolution
		{CF44A926-ECA0-423D-809C-1B2BD4CD0D02}.Debug|Any CPU.ActiveCfg = Debug|Any CPU
		{CF44A926-ECA0-423D-809C-1B2BD4CD0D02}.Debug|Any CPU.Build.0 = Debug|Any CPU
		{CF44A926-ECA0-423D-809C-1B2BD4CD0D02}.Release|Any CPU.ActiveCfg = Release|Any CPU
		{CF44A926-ECA0-423D-809C-1B2BD4CD0D02}.Release|Any CPU.Build.0 = Release|Any CPU
		{03FE9B4E-8FD6-4974-BB18-74EC79FD8E82}.Debug|Any CPU.ActiveCfg = Debug|Any CPU
		{03FE9B4E-8FD6-4974-BB18-74EC79FD8E82}.Debug|Any CPU.Build.0 = Debug|Any CPU
		{03FE9B4E-8FD6-4974-BB18-74EC79FD8E82}.Release|Any CPU.ActiveCfg = Release|Any CPU
		{03FE9B4E-8FD6-4974-BB18-74EC79FD8E82}.Release|Any CPU.Build.0 = Release|Any CPU
		{FC378147-A7B2-43AC-A3F3-17C2DFFF3D18}.Debug|Any CPU.ActiveCfg = Debug|Any CPU
		{FC378147-A7B2-43AC-A3F3-17C2DFFF3D18}.Debug|Any CPU.Build.0 = Debug|Any CPU
		{FC378147-A7B2-43AC-A3F3-17C2DFFF3D18}.Release|Any CPU.ActiveCfg = Release|Any CPU
		{FC378147-A7B2-43AC-A3F3-17C2DFFF3D18}.Release|Any CPU.Build.0 = Release|Any CPU
	EndGlobalSection
EndGlobal
